
Microsoft Visual Studio Solution File, Format Version 12.00
# Visual Studio Version 17
VisualStudioVersion = 17.4.33213.308
MinimumVisualStudioVersion = 10.0.40219.1
Project("{FAE04EC0-301F-11D3-BF4B-00C04F79EFBC}") = "ProjetoSisConBens", "ProjetoSisConBens.csproj", "{906E1BEE-20C4-49D6-9C96-E96E03B8AA32}"
EndProject
Global
	GlobalSection(SolutionConfigurationPlatforms) = preSolution
		Debug|Any CPU = Debug|Any CPU
		Release|Any CPU = Release|Any CPU
	EndGlobalSection
	GlobalSection(ProjectConfigurationPlatforms) = postSolution
		{906E1BEE-20C4-49D6-9C96-E96E03B8AA32}.Debug|Any CPU.ActiveCfg = Debug|Any CPU
		{906E1BEE-20C4-49D6-9C96-E96E03B8AA32}.Debug|Any CPU.Build.0 = Debug|Any CPU
		{906E1BEE-20C4-49D6-9C96-E96E03B8AA32}.Release|Any CPU.ActiveCfg = Release|Any CPU
		{906E1BEE-20C4-49D6-9C96-E96E03B8AA32}.Release|Any CPU.Build.0 = Release|Any CPU
	EndGlobalSection
	GlobalSection(SolutionProperties) = preSolution
		HideSolutionNode = FALSE
	EndGlobalSection
	GlobalSection(ExtensibilityGlobals) = postSolution
		SolutionGuid = {2A84ABE6-E92C-463B-A70C-8A764C591A5C}
	EndGlobalSection
EndGlobal
